
Microsoft Visual Studio Solution File, Format Version 12.00
# Visual Studio Version 16
VisualStudioVersion = 16.0.30804.86
MinimumVisualStudioVersion = 10.0.40219.1
Project("{FAE04EC0-301F-11D3-BF4B-00C04F79EFBC}") = "API", "API\API.csproj", "{C61C859B-F111-45D8-A3C7-ABAF3EFC65AF}"
EndProject
Global
	GlobalSection(SolutionConfigurationPlatforms) = preSolution
		Debug|Any CPU = Debug|Any CPU
		Release|Any CPU = Release|Any CPU
	EndGlobalSection
	GlobalSection(ProjectConfigurationPlatforms) = postSolution
		{C61C859B-F111-45D8-A3C7-ABAF3EFC65AF}.Debug|Any CPU.ActiveCfg = Debug|Any CPU
		{C61C859B-F111-45D8-A3C7-ABAF3EFC65AF}.Debug|Any CPU.Build.0 = Debug|Any CPU
		{C61C859B-F111-45D8-A3C7-ABAF3EFC65AF}.Release|Any CPU.ActiveCfg = Release|Any CPU
		{C61C859B-F111-45D8-A3C7-ABAF3EFC65AF}.Release|Any CPU.Build.0 = Release|Any CPU
	EndGlobalSection
	GlobalSection(SolutionProperties) = preSolution
		HideSolutionNode = FALSE
	EndGlobalSection
	GlobalSection(ExtensibilityGlobals) = postSolution
		SolutionGuid = {F661F7B1-6CDA-44E7-8538-12053474117F}
	EndGlobalSection
EndGlobal
